
Microsoft Visual Studio Solution File, Format Version 12.00
# Visual Studio Version 17
VisualStudioVersion = 17.8.34511.84
MinimumVisualStudioVersion = 10.0.40219.1
Project("{9A19103F-16F7-4668-BE54-9A1E7A4F7556}") = "TenkiAme", "TenkiAme\TenkiAme.csproj", "{4ACBEEC0-954C-4C39-979E-711A81509990}"
EndProject
Global
	GlobalSection(SolutionConfigurationPlatforms) = preSolution
		Debug|Any CPU = Debug|Any CPU
		Release|Any CPU = Release|Any CPU
	EndGlobalSection
	GlobalSection(ProjectConfigurationPlatforms) = postSolution
		{4ACBEEC0-954C-4C39-979E-711A81509990}.Debug|Any CPU.ActiveCfg = Debug|Any CPU
		{4ACBEEC0-954C-4C39-979E-711A81509990}.Debug|Any CPU.Build.0 = Debug|Any CPU
		{4ACBEEC0-954C-4C39-979E-711A81509990}.Release|Any CPU.ActiveCfg = Release|Any CPU
		{4ACBEEC0-954C-4C39-979E-711A81509990}.Release|Any CPU.Build.0 = Release|Any CPU
	EndGlobalSection
	GlobalSection(SolutionProperties) = preSolution
		HideSolutionNode = FALSE
	EndGlobalSection
	GlobalSection(ExtensibilityGlobals) = postSolution
		SolutionGuid = {D8567555-4703-464A-A50F-4F00F87548C2}
	EndGlobalSection
EndGlobal
